// !$*UTF8*$!
{
	archiveVersion = 1;
	classes = {
	};
	objectVersion = 46;
	objects = {

/* Begin PBXBuildFile section */
		249642A81CB8845700978A04 /* AppDelegate.swift in Sources */ = {isa = PBXBuildFile; fileRef = 249642A71CB8845700978A04 /* AppDelegate.swift */; };
		249642AA1CB8845700978A04 /* ViewController.swift in Sources */ = {isa = PBXBuildFile; fileRef = 249642A91CB8845700978A04 /* ViewController.swift */; };
		249642AD1CB8845700978A04 /* Main.storyboard in Resources */ = {isa = PBXBuildFile; fileRef = 249642AB1CB8845700978A04 /* Main.storyboard */; };
		249642AF1CB8845700978A04 /* Assets.xcassets in Resources */ = {isa = PBXBuildFile; fileRef = 249642AE1CB8845700978A04 /* Assets.xcassets */; };
		249642B21CB8845700978A04 /* LaunchScreen.storyboard in Resources */ = {isa = PBXBuildFile; fileRef = 249642B01CB8845700978A04 /* LaunchScreen.storyboard */; };
		249642BD1CB8845700978A04 /* OnlineRuidaoUITests.swift in Sources */ = {isa = PBXBuildFile; fileRef = 249642BC1CB8845700978A04 /* OnlineRuidaoUITests.swift */; };
/* End PBXBuildFile section */

/* Begin PBXContainerItemProxy section */
		249642B91CB8845700978A04 /* PBXContainerItemProxy */ = {
			isa = PBXContainerItemProxy;
			containerPortal = 2496429C1CB8845700978A04 /* Project object */;
			proxyType = 1;
			remoteGlobalIDString = 249642A31CB8845700978A04;
			remoteInfo = OnlineRuidao;
		};
/* End PBXContainerItemProxy section */

/* Begin PBXFileReference section */
		249642A41CB8845700978A04 /* OnlineRuidao.app */ = {isa = PBXFileReference; explicitFileType = wrapper.application; includeInIndex = 0; path = OnlineRuidao.app; sourceTree = BUILT_PRODUCTS_DIR; };
		249642A71CB8845700978A04 /* AppDelegate.swift */ = {isa = PBXFileReference; lastKnownFileType = sourcecode.swift; path = AppDelegate.swift; sourceTree = "<group>"; };
		249642A91CB8845700978A04 /* ViewController.swift */ = {isa = PBXFileReference; lastKnownFileType = sourcecode.swift; path = ViewController.swift; sourceTree = "<group>"; };
		249642AC1CB8845700978A04 /* Base */ = {isa = PBXFileReference; lastKnownFileType = file.storyboard; name = Base; path = Base.lproj/Main.storyboard; sourceTree = "<group>"; };
		249642AE1CB8845700978A04 /* Assets.xcassets */ = {isa = PBXFileReference; lastKnownFileType = folder.assetcatalog; path = Assets.xcassets; sourceTree = "<group>"; };
		249642B11CB8845700978A04 /* Base */ = {isa = PBXFileReference; lastKnownFileType = file.storyboard; name = Base; path = Base.lproj/LaunchScreen.storyboard; sourceTree = "<group>"; };
		249642B31CB8845700978A04 /* Info.plist */ = {isa = PBXFileReference; lastKnownFileType = text.plist.xml; path = Info.plist; sourceTree = "<group>"; };
		249642B81CB8845700978A04 /* OnlineRuidaoUITests.xctest */ = {isa = PBXFileReference; explicitFileType = wrapper.cfbundle; includeInIndex = 0; path = OnlineRuidaoUITests.xctest; sourceTree = BUILT_PRODUCTS_DIR; };
		249642BC1CB8845700978A04 /* OnlineRuidaoUITests.swift */ = {isa = PBXFileReference; lastKnownFileType = sourcecode.swift; path = OnlineRuidaoUITests.swift; sourceTree = "<group>"; };
		249642BE1CB8845700978A04 /* Info.plist */ = {isa = PBXFileReference; lastKnownFileType = text.plist.xml; path = Info.plist; sourceTree = "<group>"; };
/* End PBXFileReference section */

/* Begin PBXFrameworksBuildPhase section */
		249642A11CB8845700978A04 /* Frameworks */ = {
			isa = PBXFrameworksBuildPhase;
			buildActionMask = 2147483647;
			files = (
			);
			runOnlyForDeploymentPostprocessing = 0;
		};
		249642B51CB8845700978A04 /* Frameworks */ = {
			isa = PBXFrameworksBuildPhase;
			buildActionMask = 2147483647;
			files = (
			);
			runOnlyForDeploymentPostprocessing = 0;
		};
/* End PBXFrameworksBuildPhase section */

/* Begin PBXGroup section */
		2496429B1CB8845700978A04 = {
			isa = PBXGroup;
			children = (
				249642A61CB8845700978A04 /* OnlineRuidao */,
				249642BB1CB8845700978A04 /* OnlineRuidaoUITests */,
				249642A51CB8845700978A04 /* Products */,
			);
			sourceTree = "<group>";
		};
		249642A51CB8845700978A04 /* Products */ = {
			isa = PBXGroup;
			children = (
				249642A41CB8845700978A04 /* OnlineRuidao.app */,
				249642B81CB8845700978A04 /* OnlineRuidaoUITests.xctest */,
			);
			name = Products;
			sourceTree = "<group>";
		};
		249642A61CB8845700978A04 /* OnlineRuidao */ = {
			isa = PBXGroup;
			children = (
				249642A71CB8845700978A04 /* AppDelegate.swift */,
				249642A91CB8845700978A04 /* ViewController.swift */,
				249642AB1CB8845700978A04 /* Main.storyboard */,
				249642AE1CB8845700978A04 /* Assets.xcassets */,
				249642B01CB8845700978A04 /* LaunchScreen.storyboard */,
				249642B31CB8845700978A04 /* Info.plist */,
			);
			path = OnlineRuidao;
			sourceTree = "<group>";
		};
		249642BB1CB8845700978A04 /* OnlineRuidaoUITests */ = {
			isa = PBXGroup;
			children = (
				249642BC1CB8845700978A04 /* OnlineRuidaoUITests.swift */,
				249642BE1CB8845700978A04 /* Info.plist */,
			);
			path = OnlineRuidaoUITests;
			sourceTree = "<group>";
		};
/* End PBXGroup section */

/* Begin PBXNativeTarget section */
		249642A31CB8845700978A04 /* OnlineRuidao */ = {
			isa = PBXNativeTarget;
			buildConfigurationList = 249642C11CB8845700978A04 /* Build configuration list for PBXNativeTarget "OnlineRuidao" */;
			buildPhases = (
				249642A01CB8845700978A04 /* Sources */,
				249642A11CB8845700978A04 /* Frameworks */,
				249642A21CB8845700978A04 /* Resources */,
			);
			buildRules = (
			);
			dependencies = (
			);
			name = OnlineRuidao;
			productName = OnlineRuidao;
			productReference = 249642A41CB8845700978A04 /* OnlineRuidao.app */;
			productType = "com.apple.product-type.application";
		};
		249642B71CB8845700978A04 /* OnlineRuidaoUITests */ = {
			isa = PBXNativeTarget;
			buildConfigurationList = 249642C41CB8845700978A04 /* Build configuration list for PBXNativeTarget "OnlineRuidaoUITests" */;
			buildPhases = (
				249642B41CB8845700978A04 /* Sources */,
				249642B51CB8845700978A04 /* Frameworks */,
				249642B61CB8845700978A04 /* Resources */,
			);
			buildRules = (
			);
			dependencies = (
				249642BA1CB8845700978A04 /* PBXTargetDependency */,
			);
			name = OnlineRuidaoUITests;
			productName = OnlineRuidaoUITests;
			productReference = 249642B81CB8845700978A04 /* OnlineRuidaoUITests.xctest */;
			productType = "com.apple.product-type.bundle.ui-testing";
		};
/* End PBXNativeTarget section */

/* Begin PBXProject section */
		2496429C1CB8845700978A04 /* Project object */ = {
			isa = PBXProject;
			attributes = {
				LastSwiftUpdateCheck = 0730;
				LastUpgradeCheck = 0730;
				ORGANIZATIONNAME = neusoft;
				TargetAttributes = {
					249642A31CB8845700978A04 = {
						CreatedOnToolsVersion = 7.3;
						DevelopmentTeam = J76F9SA75U;
					};
					249642B71CB8845700978A04 = {
						CreatedOnToolsVersion = 7.3;
						DevelopmentTeam = J76F9SA75U;
						TestTargetID = 249642A31CB8845700978A04;
					};
				};
			};
			buildConfigurationList = 2496429F1CB8845700978A04 /* Build configuration list for PBXProject "OnlineRuidao" */;
			compatibilityVersion = "Xcode 3.2";
			developmentRegion = English;
			hasScannedForEncodings = 0;
			knownRegions = (
				en,
				Base,
			);
			mainGroup = 2496429B1CB8845700978A04;
			productRefGroup = 249642A51CB8845700978A04 /* Products */;
			projectDirPath = "";
			projectRoot = "";
			targets = (
				249642A31CB8845700978A04 /* OnlineRuidao */,
				249642B71CB8845700978A04 /* OnlineRuidaoUITests */,
			);
		};
/* End PBXProject section */

/* Begin PBXResourcesBuildPhase section */
		249642A21CB8845700978A04 /* Resources */ = {
			isa = PBXResourcesBuildPhase;
			buildActionMask = 2147483647;
			files = (
				249642B21CB8845700978A04 /* LaunchScreen.storyboard in Resources */,
				249642AF1CB8845700978A04 /* Assets.xcassets in Resources */,
				249642AD1CB8845700978A04 /* Main.storyboard in Resources */,
			);
			runOnlyForDeploymentPostprocessing = 0;
		};
		249642B61CB8845700978A04 /* Resources */ = {
			isa = PBXResourcesBuildPhase;
			buildActionMask = 2147483647;
			files = (
			);
			runOnlyForDeploymentPostprocessing = 0;
		};
/* End PBXResourcesBuildPhase section */

/* Begin PBXSourcesBuildPhase section */
		249642A01CB8845700978A04 /* Sources */ = {
			isa = PBXSourcesBuildPhase;
			buildActionMask = 2147483647;
			files = (
				249642AA1CB8845700978A04 /* ViewController.swift in Sources */,
				249642A81CB8845700978A04 /* AppDelegate.swift in Sources */,
			);
			runOnlyForDeploymentPostprocessing = 0;
		};
		249642B41CB8845700978A04 /* Sources */ = {
			isa = PBXSourcesBuildPhase;
			buildActionMask = 2147483647;
			files = (
				249642BD1CB8845700978A04 /* OnlineRuidaoUITests.swift in Sources */,
			);
			runOnlyForDeploymentPostprocessing = 0;
		};
/* End PBXSourcesBuildPhase section */

/* Begin PBXTargetDependency section */
		249642BA1CB8845700978A04 /* PBXTargetDependency */ = {
			isa = PBXTargetDependency;
			target = 249642A31CB8845700978A04 /* OnlineRuidao */;
			targetProxy = 249642B91CB8845700978A04 /* PBXContainerItemProxy */;
		};
/* End PBXTargetDependency section */

/* Begin PBXVariantGroup section */
		249642AB1CB8845700978A04 /* Main.storyboard */ = {
			isa = PBXVariantGroup;
			children = (
				249642AC1CB8845700978A04 /* Base */,
			);
			name = Main.storyboard;
			sourceTree = "<group>";
		};
		249642B01CB8845700978A04 /* LaunchScreen.storyboard */ = {
			isa = PBXVariantGroup;
			children = (
				249642B11CB8845700978A04 /* Base */,
			);
			name = LaunchScreen.storyboard;
			sourceTree = "<group>";
		};
/* End PBXVariantGroup section */

/* Begin XCBuildConfiguration section */
		249642BF1CB8845700978A04 /* Debug */ = {
			isa = XCBuildConfiguration;
			buildSettings = {
				ALWAYS_SEARCH_USER_PATHS = NO;
				CLANG_ANALYZER_NONNULL = YES;
				CLANG_CXX_LANGUAGE_STANDARD = "gnu++0x";
				CLANG_CXX_LIBRARY = "libc++";
				CLANG_ENABLE_MODULES = YES;
				CLANG_ENABLE_OBJC_ARC = YES;
				CLANG_WARN_BOOL_CONVERSION = YES;
				CLANG_WARN_CONSTANT_CONVERSION = YES;
				CLANG_WARN_DIRECT_OBJC_ISA_USAGE = YES_ERROR;
				CLANG_WARN_EMPTY_BODY = YES;
				CLANG_WARN_ENUM_CONVERSION = YES;
				CLANG_WARN_INT_CONVERSION = YES;
				CLANG_WARN_OBJC_ROOT_CLASS = YES_ERROR;
				CLANG_WARN_UNREACHABLE_CODE = YES;
				CLANG_WARN__DUPLICATE_METHOD_MATCH = YES;
				"CODE_SIGN_IDENTITY[sdk=iphoneos*]" = "iPhone Developer";
				COPY_PHASE_STRIP = NO;
				DEBUG_INFORMATION_FORMAT = dwarf;
				ENABLE_STRICT_OBJC_MSGSEND = YES;
				ENABLE_TESTABILITY = YES;
				GCC_C_LANGUAGE_STANDARD = gnu99;
				GCC_DYNAMIC_NO_PIC = NO;
				GCC_NO_COMMON_BLOCKS = YES;
				GCC_OPTIMIZATION_LEVEL = 0;
				GCC_PREPROCESSOR_DEFINITIONS = (
					"DEBUG=1",
					"$(inherited)",
				);
				GCC_WARN_64_TO_32_BIT_CONVERSION = YES;
				GCC_WARN_ABOUT_RETURN_TYPE = YES_ERROR;
				GCC_WARN_UNDECLARED_SELECTOR = YES;
				GCC_WARN_UNINITIALIZED_AUTOS = YES_AGGRESSIVE;
				GCC_WARN_UNUSED_FUNCTION = YES;
				GCC_WARN_UNUSED_VARIABLE = YES;
				IPHONEOS_DEPLOYMENT_TARGET = 9.3;
				MTL_ENABLE_DEBUG_INFO = YES;
				ONLY_ACTIVE_ARCH = YES;
				SDKROOT = iphoneos;
				SWIFT_OPTIMIZATION_LEVEL = "-Onone";
				TARGETED_DEVICE_FAMILY = "1,2";
			};
			name = Debug;
		};
		249642C01CB8845700978A04 /* Release */ = {
			isa = XCBuildConfiguration;
			buildSettings = {
				ALWAYS_SEARCH_USER_PATHS = NO;
				CLANG_ANALYZER_NONNULL = YES;
				CLANG_CXX_LANGUAGE_STANDARD = "gnu++0x";
				CLANG_CXX_LIBRARY = "libc++";
				CLANG_ENABLE_MODULES = YES;
				CLANG_ENABLE_OBJC_ARC = YES;
				CLANG_WARN_BOOL_CONVERSION = YES;
				CLANG_WARN_CONSTANT_CONVERSION = YES;
				CLANG_WARN_DIRECT_OBJC_ISA_USAGE = YES_ERROR;
				CLANG_WARN_EMPTY_BODY = YES;
				CLANG_WARN_ENUM_CONVERSION = YES;
				CLANG_WARN_INT_CONVERSION = YES;
				CLANG_WARN_OBJC_ROOT_CLASS = YES_ERROR;
				CLANG_WARN_UNREACHABLE_CODE = YES;
				CLANG_WARN__DUPLICATE_METHOD_MATCH = YES;
				"CODE_SIGN_IDENTITY[sdk=iphoneos*]" = "iPhone Developer";
				COPY_PHASE_STRIP = NO;
				DEBUG_INFORMATION_FORMAT = "dwarf-with-dsym";
				ENABLE_NS_ASSERTIONS = NO;
				ENABLE_STRICT_OBJC_MSGSEND = YES;
				GCC_C_LANGUAGE_STANDARD = gnu99;
				GCC_NO_COMMON_BLOCKS = YES;
				GCC_WARN_64_TO_32_BIT_CONVERSION = YES;
				GCC_WARN_ABOUT_RETURN_TYPE = YES_ERROR;
				GCC_WARN_UNDECLARED_SELECTOR = YES;
				GCC_WARN_UNINITIALIZED_AUTOS = YES_AGGRESSIVE;
				GCC_WARN_UNUSED_FUNCTION = YES;
				GCC_WARN_UNUSED_VARIABLE = YES;
				IPHONEOS_DEPLOYMENT_TARGET = 9.3;
				MTL_ENABLE_DEBUG_INFO = NO;
				SDKROOT = iphoneos;
				TARGETED_DEVICE_FAMILY = "1,2";
				VALIDATE_PRODUCT = YES;
			};
			name = Release;
		};
		249642C21CB8845700978A04 /* Debug */ = {
			isa = XCBuildConfiguration;
			buildSettings = {
				ASSETCATALOG_COMPILER_APPICON_NAME = AppIcon;
				INFOPLIST_FILE = OnlineRuidao/Info.plist;
				LD_RUNPATH_SEARCH_PATHS = "$(inherited) @executable_path/Frameworks";
				PRODUCT_BUNDLE_IDENTIFIER = work.OnlineRuidao;
				PRODUCT_NAME = "$(TARGET_NAME)";
			};
			name = Debug;
		};
		249642C31CB8845700978A04 /* Release */ = {
			isa = XCBuildConfiguration;
			buildSettings = {
				ASSETCATALOG_COMPILER_APPICON_NAME = AppIcon;
				INFOPLIST_FILE = OnlineRuidao/Info.plist;
				LD_RUNPATH_SEARCH_PATHS = "$(inherited) @executable_path/Frameworks";
				PRODUCT_BUNDLE_IDENTIFIER = work.OnlineRuidao;
				PRODUCT_NAME = "$(TARGET_NAME)";
			};
			name = Release;
		};
		249642C51CB8845700978A04 /* Debug */ = {
			isa = XCBuildConfiguration;
			buildSettings = {
				INFOPLIST_FILE = OnlineRuidaoUITests/Info.plist;
				LD_RUNPATH_SEARCH_PATHS = "$(inherited) @executable_path/Frameworks @loader_path/Frameworks";
				PRODUCT_BUNDLE_IDENTIFIER = work.OnlineRuidaoUITests;
				PRODUCT_NAME = "$(TARGET_NAME)";
				TEST_TARGET_NAME = OnlineRuidao;
			};
			name = Debug;
		};
		249642C61CB8845700978A04 /* Release */ = {
			isa = XCBuildConfiguration;
			buildSettings = {
				INFOPLIST_FILE = OnlineRuidaoUITests/Info.plist;
				LD_RUNPATH_SEARCH_PATHS = "$(inherited) @executable_path/Frameworks @loader_path/Frameworks";
				PRODUCT_BUNDLE_IDENTIFIER = work.OnlineRuidaoUITests;
				PRODUCT_NAME = "$(TARGET_NAME)";
				TEST_TARGET_NAME = OnlineRuidao;
			};
			name = Release;
		};
/* End XCBuildConfiguration section */

/* Begin XCConfigurationList section */
		2496429F1CB8845700978A04 /* Build configuration list for PBXProject "OnlineRuidao" */ = {
			isa = XCConfigurationList;
			buildConfigurations = (
				249642BF1CB8845700978A04 /* Debug */,
				249642C01CB8845700978A04 /* Release */,
			);
			defaultConfigurationIsVisible = 0;
			defaultConfigurationName = Release;
		};
		249642C11CB8845700978A04 /* Build configuration list for PBXNativeTarget "OnlineRuidao" */ = {
			isa = XCConfigurationList;
			buildConfigurations = (
				249642C21CB8845700978A04 /* Debug */,
				249642C31CB8845700978A04 /* Release */,
			);
			defaultConfigurationIsVisible = 0;
		};
		249642C41CB8845700978A04 /* Build configuration list for PBXNativeTarget "OnlineRuidaoUITests" */ = {
			isa = XCConfigurationList;
			buildConfigurations = (
				249642C51CB8845700978A04 /* Debug */,
				249642C61CB8845700978A04 /* Release */,
			);
			defaultConfigurationIsVisible = 0;
		};
/* End XCConfigurationList section */
	};
	rootObject = 2496429C1CB8845700978A04 /* Project object */;
}
